{
  "nodes": {
    "flake-utils": {
      "inputs": {
        "systems": "systems"
      },
      "locked": {
        "lastModified": 1731533236,
        "narHash": "sha256-l0KFg5HjrsfsO/JpG+r7fRrqm12kzFHyUHqHCVpMMbI=",
        "owner": "numtide",
        "repo": "flake-utils",
        "rev": "11707dc2f618dd54ca8739b309ec4fc024de578b",
        "type": "github"
      },
      "original": {
        "owner": "numtide",
        "repo": "flake-utils",
        "type": "github"
      }
    },
    "linear-feedback-controller-msgs": {
      "inputs": {
        "nix-ros-overlay": [
          "nix-ros-overlay"
        ]
      },
      "locked": {
        "lastModified": 1742898658,
        "narHash": "sha256-HN3YzDBIrkcx1mne4BQlSvQ8J9uUrwoM33JcD1kHp4Y=",
        "owner": "loco-3d",
        "repo": "linear-feedback-controller-msgs",
        "rev": "bca15932e209e7d4852b7b7073618180ef31f95f",
        "type": "github"
      },
      "original": {
        "owner": "loco-3d",
        "ref": "jazzy",
        "repo": "linear-feedback-controller-msgs",
        "type": "github"
      }
    },
    "nix-ros-overlay": {
      "inputs": {
        "flake-utils": "flake-utils",
        "nixpkgs": "nixpkgs"
      },
      "locked": {
        "lastModified": 1742152777,
        "narHash": "sha256-OkQcq3eBWLuJ9I7lNSD3Y0MWm+Cn8FGLiqx5aDkf5r0=",
        "owner": "lopsided98",
        "repo": "nix-ros-overlay",
        "rev": "e99617dda797c3f46c7bde8880e54c759230efd2",
        "type": "github"
      },
      "original": {
        "owner": "lopsided98",
        "ref": "develop",
        "repo": "nix-ros-overlay",
        "type": "github"
      }
    },
    "nixpkgs": {
      "locked": {
        "lastModified": 1739580444,
        "narHash": "sha256-+/bSz4EAVbqz8/HsIGLroF8aNaO8bLRL7WfACN+24g4=",
        "owner": "lopsided98",
        "repo": "nixpkgs",
        "rev": "8bb37161a0488b89830168b81c48aed11569cb93",
        "type": "github"
      },
      "original": {
        "owner": "lopsided98",
        "ref": "nix-ros",
        "repo": "nixpkgs",
        "type": "github"
      }
    },
    "root": {
      "inputs": {
        "linear-feedback-controller-msgs": "linear-feedback-controller-msgs",
        "nix-ros-overlay": "nix-ros-overlay"
      }
    },
    "systems": {
      "locked": {
        "lastModified": 1681028828,
        "narHash": "sha256-Vy1rq5AaRuLzOxct8nz4T6wlgyUR7zLU309k9mBC768=",
        "owner": "nix-systems",
        "repo": "default",
        "rev": "da67096a3b9bf56a91d16901293e51ba5b49a27e",
        "type": "github"
      },
      "original": {
        "owner": "nix-systems",
        "repo": "default",
        "type": "github"
      }
    }
  },
  "root": "root",
  "version": 7
}
